# This file is automatically @generated by Cargo.
# It is not intended for manual editing.
version = 4

[[package]]
name = "asum"
version = "0.1.0"
source = "registry+https://github.com/rust-lang/crates.io-index"
checksum = "86d6daa07315cce51ad1ac2b916bbceaeb54b903f9727636a7937be2b83ae4e7"

[[package]]
name = "backend"
version = "0.1.0"
dependencies = [
 "asum",
]
